
Microsoft Visual Studio Solution File, Format Version 12.00
# Visual Studio Version 17
VisualStudioVersion = 17.13.35931.197 d17.13
MinimumVisualStudioVersion = 10.0.40219.1
Project("{FAE04EC0-301F-11D3-BF4B-00C04F79EFBC}") = "ContractClaims", "ContractClaims.csproj", "{213A9FD3-EA91-4511-9BCE-C61BE603D101}"
EndProject
Global
	GlobalSection(SolutionConfigurationPlatforms) = preSolution
		Debug|Any CPU = Debug|Any CPU
		Release|Any CPU = Release|Any CPU
	EndGlobalSection
	GlobalSection(ProjectConfigurationPlatforms) = postSolution
		{213A9FD3-EA91-4511-9BCE-C61BE603D101}.Debug|Any CPU.ActiveCfg = Debug|Any CPU
		{213A9FD3-EA91-4511-9BCE-C61BE603D101}.Debug|Any CPU.Build.0 = Debug|Any CPU
		{213A9FD3-EA91-4511-9BCE-C61BE603D101}.Release|Any CPU.ActiveCfg = Release|Any CPU
		{213A9FD3-EA91-4511-9BCE-C61BE603D101}.Release|Any CPU.Build.0 = Release|Any CPU
	EndGlobalSection
	GlobalSection(SolutionProperties) = preSolution
		HideSolutionNode = FALSE
	EndGlobalSection
	GlobalSection(ExtensibilityGlobals) = postSolution
		SolutionGuid = {79551F4E-F317-4445-BAF7-FFEF61A5A903}
	EndGlobalSection
EndGlobal
